// !$*UTF8*$!
{
	archiveVersion = 1;
	classes = {
	};
	objectVersion = 56;
	objects = {

/* Begin PBXBuildFile section */
		850654732A03F46600F5FA4D /* AppDelegate.swift in Sources */ = {isa = PBXBuildFile; fileRef = 850654722A03F46600F5FA4D /* AppDelegate.swift */; };
		850654752A03F46600F5FA4D /* SceneDelegate.swift in Sources */ = {isa = PBXBuildFile; fileRef = 850654742A03F46600F5FA4D /* SceneDelegate.swift */; };
		850654772A03F46600F5FA4D /* MainViewController.swift in Sources */ = {isa = PBXBuildFile; fileRef = 850654762A03F46600F5FA4D /* MainViewController.swift */; };
		8506547C2A03F46700F5FA4D /* Assets.xcassets in Resources */ = {isa = PBXBuildFile; fileRef = 8506547B2A03F46700F5FA4D /* Assets.xcassets */; };
		8506547F2A03F46700F5FA4D /* LaunchScreen.storyboard in Resources */ = {isa = PBXBuildFile; fileRef = 8506547D2A03F46700F5FA4D /* LaunchScreen.storyboard */; };
		850654872A03F91D00F5FA4D /* Extension.swift in Sources */ = {isa = PBXBuildFile; fileRef = 850654862A03F91D00F5FA4D /* Extension.swift */; };
		850654892A03F96900F5FA4D /* NetworkingManager.swift in Sources */ = {isa = PBXBuildFile; fileRef = 850654882A03F96900F5FA4D /* NetworkingManager.swift */; };
		8506548B2A03FC4400F5FA4D /* Constants.swift in Sources */ = {isa = PBXBuildFile; fileRef = 8506548A2A03FC4400F5FA4D /* Constants.swift */; };
		8506548E2A0404BB00F5FA4D /* ResultModel.swift in Sources */ = {isa = PBXBuildFile; fileRef = 8506548D2A0404BB00F5FA4D /* ResultModel.swift */; };
		850654912A04190B00F5FA4D /* WikipediaViewModel.swift in Sources */ = {isa = PBXBuildFile; fileRef = 850654902A04190B00F5FA4D /* WikipediaViewModel.swift */; };
		850654952A0431BA00F5FA4D /* WikipediaResultTableviewCell.swift in Sources */ = {isa = PBXBuildFile; fileRef = 850654942A0431BA00F5FA4D /* WikipediaResultTableviewCell.swift */; };
/* End PBXBuildFile section */

/* Begin PBXFileReference section */
		8506546F2A03F46600F5FA4D /* WikipediaSearcher.app */ = {isa = PBXFileReference; explicitFileType = wrapper.application; includeInIndex = 0; path = WikipediaSearcher.app; sourceTree = BUILT_PRODUCTS_DIR; };
		850654722A03F46600F5FA4D /* AppDelegate.swift */ = {isa = PBXFileReference; lastKnownFileType = sourcecode.swift; path = AppDelegate.swift; sourceTree = "<group>"; };
		850654742A03F46600F5FA4D /* SceneDelegate.swift */ = {isa = PBXFileReference; lastKnownFileType = sourcecode.swift; path = SceneDelegate.swift; sourceTree = "<group>"; };
		850654762A03F46600F5FA4D /* MainViewController.swift */ = {isa = PBXFileReference; lastKnownFileType = sourcecode.swift; path = MainViewController.swift; sourceTree = "<group>"; };
		8506547B2A03F46700F5FA4D /* Assets.xcassets */ = {isa = PBXFileReference; lastKnownFileType = folder.assetcatalog; path = Assets.xcassets; sourceTree = "<group>"; };
		8506547E2A03F46700F5FA4D /* Base */ = {isa = PBXFileReference; lastKnownFileType = file.storyboard; name = Base; path = Base.lproj/LaunchScreen.storyboard; sourceTree = "<group>"; };
		850654802A03F46700F5FA4D /* Info.plist */ = {isa = PBXFileReference; lastKnownFileType = text.plist.xml; path = Info.plist; sourceTree = "<group>"; };
		850654862A03F91D00F5FA4D /* Extension.swift */ = {isa = PBXFileReference; lastKnownFileType = sourcecode.swift; path = Extension.swift; sourceTree = "<group>"; };
		850654882A03F96900F5FA4D /* NetworkingManager.swift */ = {isa = PBXFileReference; lastKnownFileType = sourcecode.swift; path = NetworkingManager.swift; sourceTree = "<group>"; };
		8506548A2A03FC4400F5FA4D /* Constants.swift */ = {isa = PBXFileReference; lastKnownFileType = sourcecode.swift; path = Constants.swift; sourceTree = "<group>"; };
		8506548D2A0404BB00F5FA4D /* ResultModel.swift */ = {isa = PBXFileReference; lastKnownFileType = sourcecode.swift; path = ResultModel.swift; sourceTree = "<group>"; };
		850654902A04190B00F5FA4D /* WikipediaViewModel.swift */ = {isa = PBXFileReference; lastKnownFileType = sourcecode.swift; path = WikipediaViewModel.swift; sourceTree = "<group>"; };
		850654942A0431BA00F5FA4D /* WikipediaResultTableviewCell.swift */ = {isa = PBXFileReference; lastKnownFileType = sourcecode.swift; path = WikipediaResultTableviewCell.swift; sourceTree = "<group>"; };
/* End PBXFileReference section */

/* Begin PBXFrameworksBuildPhase section */
		8506546C2A03F46600F5FA4D /* Frameworks */ = {
			isa = PBXFrameworksBuildPhase;
			buildActionMask = 2147483647;
			files = (
			);
			runOnlyForDeploymentPostprocessing = 0;
		};
/* End PBXFrameworksBuildPhase section */

/* Begin PBXGroup section */
		850654662A03F46600F5FA4D = {
			isa = PBXGroup;
			children = (
				850654712A03F46600F5FA4D /* WikipediaSearcher */,
				850654702A03F46600F5FA4D /* Products */,
			);
			sourceTree = "<group>";
		};
		850654702A03F46600F5FA4D /* Products */ = {
			isa = PBXGroup;
			children = (
				8506546F2A03F46600F5FA4D /* WikipediaSearcher.app */,
			);
			name = Products;
			sourceTree = "<group>";
		};
		850654712A03F46600F5FA4D /* WikipediaSearcher */ = {
			isa = PBXGroup;
			children = (
				850654922A04319600F5FA4D /* View */,
				8506548F2A0418F000F5FA4D /* ViewModel */,
				8506548C2A0404AD00F5FA4D /* Model */,
				850654962A0436BF00F5FA4D /* Services */,
				850654972A04C47300F5FA4D /* Extension */,
				850654742A03F46600F5FA4D /* SceneDelegate.swift */,
				850654722A03F46600F5FA4D /* AppDelegate.swift */,
				8506547B2A03F46700F5FA4D /* Assets.xcassets */,
				8506547D2A03F46700F5FA4D /* LaunchScreen.storyboard */,
				850654802A03F46700F5FA4D /* Info.plist */,
			);
			path = WikipediaSearcher;
			sourceTree = "<group>";
		};
		8506548C2A0404AD00F5FA4D /* Model */ = {
			isa = PBXGroup;
			children = (
				8506548D2A0404BB00F5FA4D /* ResultModel.swift */,
			);
			path = Model;
			sourceTree = "<group>";
		};
		8506548F2A0418F000F5FA4D /* ViewModel */ = {
			isa = PBXGroup;
			children = (
				850654902A04190B00F5FA4D /* WikipediaViewModel.swift */,
			);
			path = ViewModel;
			sourceTree = "<group>";
		};
		850654922A04319600F5FA4D /* View */ = {
			isa = PBXGroup;
			children = (
				850654762A03F46600F5FA4D /* MainViewController.swift */,
				850654932A0431A000F5FA4D /* Cell */,
			);
			path = View;
			sourceTree = "<group>";
		};
		850654932A0431A000F5FA4D /* Cell */ = {
			isa = PBXGroup;
			children = (
				850654942A0431BA00F5FA4D /* WikipediaResultTableviewCell.swift */,
			);
			path = Cell;
			sourceTree = "<group>";
		};
		850654962A0436BF00F5FA4D /* Services */ = {
			isa = PBXGroup;
			children = (
				8506548A2A03FC4400F5FA4D /* Constants.swift */,
				850654882A03F96900F5FA4D /* NetworkingManager.swift */,
			);
			path = Services;
			sourceTree = "<group>";
		};
		850654972A04C47300F5FA4D /* Extension */ = {
			isa = PBXGroup;
			children = (
				850654862A03F91D00F5FA4D /* Extension.swift */,
			);
			path = Extension;
			sourceTree = "<group>";
		};
/* End PBXGroup section */

/* Begin PBXNativeTarget section */
		8506546E2A03F46600F5FA4D /* WikipediaSearcher */ = {
			isa = PBXNativeTarget;
			buildConfigurationList = 850654832A03F46700F5FA4D /* Build configuration list for PBXNativeTarget "WikipediaSearcher" */;
			buildPhases = (
				8506546B2A03F46600F5FA4D /* Sources */,
				8506546C2A03F46600F5FA4D /* Frameworks */,
				8506546D2A03F46600F5FA4D /* Resources */,
			);
			buildRules = (
			);
			dependencies = (
			);
			name = WikipediaSearcher;
			productName = WikipediaSearcher;
			productReference = 8506546F2A03F46600F5FA4D /* WikipediaSearcher.app */;
			productType = "com.apple.product-type.application";
		};
/* End PBXNativeTarget section */

/* Begin PBXProject section */
		850654672A03F46600F5FA4D /* Project object */ = {
			isa = PBXProject;
			attributes = {
				BuildIndependentTargetsInParallel = 1;
				LastSwiftUpdateCheck = 1430;
				LastUpgradeCheck = 1430;
				TargetAttributes = {
					8506546E2A03F46600F5FA4D = {
						CreatedOnToolsVersion = 14.3;
					};
				};
			};
			buildConfigurationList = 8506546A2A03F46600F5FA4D /* Build configuration list for PBXProject "WikipediaSearcher" */;
			compatibilityVersion = "Xcode 14.0";
			developmentRegion = en;
			hasScannedForEncodings = 0;
			knownRegions = (
				en,
				Base,
			);
			mainGroup = 850654662A03F46600F5FA4D;
			productRefGroup = 850654702A03F46600F5FA4D /* Products */;
			projectDirPath = "";
			projectRoot = "";
			targets = (
				8506546E2A03F46600F5FA4D /* WikipediaSearcher */,
			);
		};
/* End PBXProject section */

/* Begin PBXResourcesBuildPhase section */
		8506546D2A03F46600F5FA4D /* Resources */ = {
			isa = PBXResourcesBuildPhase;
			buildActionMask = 2147483647;
			files = (
				8506547F2A03F46700F5FA4D /* LaunchScreen.storyboard in Resources */,
				8506547C2A03F46700F5FA4D /* Assets.xcassets in Resources */,
			);
			runOnlyForDeploymentPostprocessing = 0;
		};
/* End PBXResourcesBuildPhase section */

/* Begin PBXSourcesBuildPhase section */
		8506546B2A03F46600F5FA4D /* Sources */ = {
			isa = PBXSourcesBuildPhase;
			buildActionMask = 2147483647;
			files = (
				850654772A03F46600F5FA4D /* MainViewController.swift in Sources */,
				850654732A03F46600F5FA4D /* AppDelegate.swift in Sources */,
				850654752A03F46600F5FA4D /* SceneDelegate.swift in Sources */,
				850654892A03F96900F5FA4D /* NetworkingManager.swift in Sources */,
				850654872A03F91D00F5FA4D /* Extension.swift in Sources */,
				8506548E2A0404BB00F5FA4D /* ResultModel.swift in Sources */,
				850654912A04190B00F5FA4D /* WikipediaViewModel.swift in Sources */,
				8506548B2A03FC4400F5FA4D /* Constants.swift in Sources */,
				850654952A0431BA00F5FA4D /* WikipediaResultTableviewCell.swift in Sources */,
			);
			runOnlyForDeploymentPostprocessing = 0;
		};
/* End PBXSourcesBuildPhase section */

/* Begin PBXVariantGroup section */
		8506547D2A03F46700F5FA4D /* LaunchScreen.storyboard */ = {
			isa = PBXVariantGroup;
			children = (
				8506547E2A03F46700F5FA4D /* Base */,
			);
			name = LaunchScreen.storyboard;
			sourceTree = "<group>";
		};
/* End PBXVariantGroup section */

/* Begin XCBuildConfiguration section */
		850654812A03F46700F5FA4D /* Debug */ = {
			isa = XCBuildConfiguration;
			buildSettings = {
				ALWAYS_SEARCH_USER_PATHS = NO;
				CLANG_ANALYZER_NONNULL = YES;
				CLANG_ANALYZER_NUMBER_OBJECT_CONVERSION = YES_AGGRESSIVE;
				CLANG_CXX_LANGUAGE_STANDARD = "gnu++20";
				CLANG_ENABLE_MODULES = YES;
				CLANG_ENABLE_OBJC_ARC = YES;
				CLANG_ENABLE_OBJC_WEAK = YES;
				CLANG_WARN_BLOCK_CAPTURE_AUTORELEASING = YES;
				CLANG_WARN_BOOL_CONVERSION = YES;
				CLANG_WARN_COMMA = YES;
				CLANG_WARN_CONSTANT_CONVERSION = YES;
				CLANG_WARN_DEPRECATED_OBJC_IMPLEMENTATIONS = YES;
				CLANG_WARN_DIRECT_OBJC_ISA_USAGE = YES_ERROR;
				CLANG_WARN_DOCUMENTATION_COMMENTS = YES;
				CLANG_WARN_EMPTY_BODY = YES;
				CLANG_WARN_ENUM_CONVERSION = YES;
				CLANG_WARN_INFINITE_RECURSION = YES;
				CLANG_WARN_INT_CONVERSION = YES;
				CLANG_WARN_NON_LITERAL_NULL_CONVERSION = YES;
				CLANG_WARN_OBJC_IMPLICIT_RETAIN_SELF = YES;
				CLANG_WARN_OBJC_LITERAL_CONVERSION = YES;
				CLANG_WARN_OBJC_ROOT_CLASS = YES_ERROR;
				CLANG_WARN_QUOTED_INCLUDE_IN_FRAMEWORK_HEADER = YES;
				CLANG_WARN_RANGE_LOOP_ANALYSIS = YES;
				CLANG_WARN_STRICT_PROTOTYPES = YES;
				CLANG_WARN_SUSPICIOUS_MOVE = YES;
				CLANG_WARN_UNGUARDED_AVAILABILITY = YES_AGGRESSIVE;
				CLANG_WARN_UNREACHABLE_CODE = YES;
				CLANG_WARN__DUPLICATE_METHOD_MATCH = YES;
				COPY_PHASE_STRIP = NO;
				DEBUG_INFORMATION_FORMAT = dwarf;
				ENABLE_STRICT_OBJC_MSGSEND = YES;
				ENABLE_TESTABILITY = YES;
				GCC_C_LANGUAGE_STANDARD = gnu11;
				GCC_DYNAMIC_NO_PIC = NO;
				GCC_NO_COMMON_BLOCKS = YES;
				GCC_OPTIMIZATION_LEVEL = 0;
				GCC_PREPROCESSOR_DEFINITIONS = (
					"DEBUG=1",
					"$(inherited)",
				);
				GCC_WARN_64_TO_32_BIT_CONVERSION = YES;
				GCC_WARN_ABOUT_RETURN_TYPE = YES_ERROR;
				GCC_WARN_UNDECLARED_SELECTOR = YES;
				GCC_WARN_UNINITIALIZED_AUTOS = YES_AGGRESSIVE;
				GCC_WARN_UNUSED_FUNCTION = YES;
				GCC_WARN_UNUSED_VARIABLE = YES;
				IPHONEOS_DEPLOYMENT_TARGET = 16.4;
				MTL_ENABLE_DEBUG_INFO = INCLUDE_SOURCE;
				MTL_FAST_MATH = YES;
				ONLY_ACTIVE_ARCH = YES;
				SDKROOT = iphoneos;
				SWIFT_ACTIVE_COMPILATION_CONDITIONS = DEBUG;
				SWIFT_OPTIMIZATION_LEVEL = "-Onone";
			};
			name = Debug;
		};
		850654822A03F46700F5FA4D /* Release */ = {
			isa = XCBuildConfiguration;
			buildSettings = {
				ALWAYS_SEARCH_USER_PATHS = NO;
				CLANG_ANALYZER_NONNULL = YES;
				CLANG_ANALYZER_NUMBER_OBJECT_CONVERSION = YES_AGGRESSIVE;
				CLANG_CXX_LANGUAGE_STANDARD = "gnu++20";
				CLANG_ENABLE_MODULES = YES;
				CLANG_ENABLE_OBJC_ARC = YES;
				CLANG_ENABLE_OBJC_WEAK = YES;
				CLANG_WARN_BLOCK_CAPTURE_AUTORELEASING = YES;
				CLANG_WARN_BOOL_CONVERSION = YES;
				CLANG_WARN_COMMA = YES;
				CLANG_WARN_CONSTANT_CONVERSION = YES;
				CLANG_WARN_DEPRECATED_OBJC_IMPLEMENTATIONS = YES;
				CLANG_WARN_DIRECT_OBJC_ISA_USAGE = YES_ERROR;
				CLANG_WARN_DOCUMENTATION_COMMENTS = YES;
				CLANG_WARN_EMPTY_BODY = YES;
				CLANG_WARN_ENUM_CONVERSION = YES;
				CLANG_WARN_INFINITE_RECURSION = YES;
				CLANG_WARN_INT_CONVERSION = YES;
				CLANG_WARN_NON_LITERAL_NULL_CONVERSION = YES;
				CLANG_WARN_OBJC_IMPLICIT_RETAIN_SELF = YES;
				CLANG_WARN_OBJC_LITERAL_CONVERSION = YES;
				CLANG_WARN_OBJC_ROOT_CLASS = YES_ERROR;
				CLANG_WARN_QUOTED_INCLUDE_IN_FRAMEWORK_HEADER = YES;
				CLANG_WARN_RANGE_LOOP_ANALYSIS = YES;
				CLANG_WARN_STRICT_PROTOTYPES = YES;
				CLANG_WARN_SUSPICIOUS_MOVE = YES;
				CLANG_WARN_UNGUARDED_AVAILABILITY = YES_AGGRESSIVE;
				CLANG_WARN_UNREACHABLE_CODE = YES;
				CLANG_WARN__DUPLICATE_METHOD_MATCH = YES;
				COPY_PHASE_STRIP = NO;
				DEBUG_INFORMATION_FORMAT = "dwarf-with-dsym";
				ENABLE_NS_ASSERTIONS = NO;
				ENABLE_STRICT_OBJC_MSGSEND = YES;
				GCC_C_LANGUAGE_STANDARD = gnu11;
				GCC_NO_COMMON_BLOCKS = YES;
				GCC_WARN_64_TO_32_BIT_CONVERSION = YES;
				GCC_WARN_ABOUT_RETURN_TYPE = YES_ERROR;
				GCC_WARN_UNDECLARED_SELECTOR = YES;
				GCC_WARN_UNINITIALIZED_AUTOS = YES_AGGRESSIVE;
				GCC_WARN_UNUSED_FUNCTION = YES;
				GCC_WARN_UNUSED_VARIABLE = YES;
				IPHONEOS_DEPLOYMENT_TARGET = 16.4;
				MTL_ENABLE_DEBUG_INFO = NO;
				MTL_FAST_MATH = YES;
				SDKROOT = iphoneos;
				SWIFT_COMPILATION_MODE = wholemodule;
				SWIFT_OPTIMIZATION_LEVEL = "-O";
				VALIDATE_PRODUCT = YES;
			};
			name = Release;
		};
		850654842A03F46700F5FA4D /* Debug */ = {
			isa = XCBuildConfiguration;
			buildSettings = {
				ASSETCATALOG_COMPILER_APPICON_NAME = AppIcon;
				ASSETCATALOG_COMPILER_GLOBAL_ACCENT_COLOR_NAME = AccentColor;
				CODE_SIGN_STYLE = Automatic;
				CURRENT_PROJECT_VERSION = 1;
				DEVELOPMENT_TEAM = 39HMPY59R7;
				GENERATE_INFOPLIST_FILE = YES;
				INFOPLIST_FILE = WikipediaSearcher/Info.plist;
				INFOPLIST_KEY_UIApplicationSupportsIndirectInputEvents = YES;
				INFOPLIST_KEY_UILaunchStoryboardName = LaunchScreen.storyboard;
				INFOPLIST_KEY_UISupportedInterfaceOrientations_iPad = "UIInterfaceOrientationPortrait UIInterfaceOrientationPortraitUpsideDown UIInterfaceOrientationLandscapeLeft UIInterfaceOrientationLandscapeRight";
				INFOPLIST_KEY_UISupportedInterfaceOrientations_iPhone = "UIInterfaceOrientationPortrait UIInterfaceOrientationLandscapeLeft UIInterfaceOrientationLandscapeRight";
				LD_RUNPATH_SEARCH_PATHS = (
					"$(inherited)",
					"@executable_path/Frameworks",
				);
				MARKETING_VERSION = 1.0;
				PRODUCT_BUNDLE_IDENTIFIER = com.udacity.WikipediaSearcher;
				PRODUCT_NAME = "$(TARGET_NAME)";
				SWIFT_EMIT_LOC_STRINGS = YES;
				SWIFT_VERSION = 5.0;
				TARGETED_DEVICE_FAMILY = "1,2";
			};
			name = Debug;
		};
		850654852A03F46700F5FA4D /* Release */ = {
			isa = XCBuildConfiguration;
			buildSettings = {
				ASSETCATALOG_COMPILER_APPICON_NAME = AppIcon;
				ASSETCATALOG_COMPILER_GLOBAL_ACCENT_COLOR_NAME = AccentColor;
				CODE_SIGN_STYLE = Automatic;
				CURRENT_PROJECT_VERSION = 1;
				DEVELOPMENT_TEAM = 39HMPY59R7;
				GENERATE_INFOPLIST_FILE = YES;
				INFOPLIST_FILE = WikipediaSearcher/Info.plist;
				INFOPLIST_KEY_UIApplicationSupportsIndirectInputEvents = YES;
				INFOPLIST_KEY_UILaunchStoryboardName = LaunchScreen.storyboard;
				INFOPLIST_KEY_UISupportedInterfaceOrientations_iPad = "UIInterfaceOrientationPortrait UIInterfaceOrientationPortraitUpsideDown UIInterfaceOrientationLandscapeLeft UIInterfaceOrientationLandscapeRight";
				INFOPLIST_KEY_UISupportedInterfaceOrientations_iPhone = "UIInterfaceOrientationPortrait UIInterfaceOrientationLandscapeLeft UIInterfaceOrientationLandscapeRight";
				LD_RUNPATH_SEARCH_PATHS = (
					"$(inherited)",
					"@executable_path/Frameworks",
				);
				MARKETING_VERSION = 1.0;
				PRODUCT_BUNDLE_IDENTIFIER = com.udacity.WikipediaSearcher;
				PRODUCT_NAME = "$(TARGET_NAME)";
				SWIFT_EMIT_LOC_STRINGS = YES;
				SWIFT_VERSION = 5.0;
				TARGETED_DEVICE_FAMILY = "1,2";
			};
			name = Release;
		};
/* End XCBuildConfiguration section */

/* Begin XCConfigurationList section */
		8506546A2A03F46600F5FA4D /* Build configuration list for PBXProject "WikipediaSearcher" */ = {
			isa = XCConfigurationList;
			buildConfigurations = (
				850654812A03F46700F5FA4D /* Debug */,
				850654822A03F46700F5FA4D /* Release */,
			);
			defaultConfigurationIsVisible = 0;
			defaultConfigurationName = Release;
		};
		850654832A03F46700F5FA4D /* Build configuration list for PBXNativeTarget "WikipediaSearcher" */ = {
			isa = XCConfigurationList;
			buildConfigurations = (
				850654842A03F46700F5FA4D /* Debug */,
				850654852A03F46700F5FA4D /* Release */,
			);
			defaultConfigurationIsVisible = 0;
			defaultConfigurationName = Release;
		};
/* End XCConfigurationList section */
	};
	rootObject = 850654672A03F46600F5FA4D /* Project object */;
}
